{
    "name": "digital-fuesim-manv-shared",
    "version": "0.0.0",
    "lockfileVersion": 2,
    "requires": true,
    "packages": {
        "": {
            "name": "digital-fuesim-manv-shared",
            "version": "0.0.0",
            "dependencies": {
                "class-transformer": "^0.5.1",
                "class-validator": "^0.13.2",
                "immer": "^9.0.7",
                "lodash-es": "^4.17.21",
                "typescript": "~4.1.5",
                "uuid": "^8.3.2"
            },
            "devDependencies": {
                "@types/uuid": "^8.3.3",
                "@types/validator": "^13.7.0"
            },
            "engines": {
                "node": ">=12",
                "npm": ">=7"
            }
        },
        "node_modules/@types/uuid": {
            "version": "8.3.3",
            "resolved": "https://registry.npmjs.org/@types/uuid/-/uuid-8.3.3.tgz",
            "integrity": "sha512-0LbEEx1zxrYB3pgpd1M5lEhLcXjKJnYghvhTRgaBeUivLHMDM1TzF3IJ6hXU2+8uA4Xz+5BA63mtZo5DjVT8iA==",
            "dev": true
        },
        "node_modules/@types/validator": {
            "version": "13.7.0",
            "resolved": "https://registry.npmjs.org/@types/validator/-/validator-13.7.0.tgz",
            "integrity": "sha512-+jBxVvXVuggZOrm04NR8z+5+bgoW4VZyLzUO+hmPPW1mVFL/HaitLAkizfv4yg9TbG8lkfHWVMQ11yDqrVVCzA==",
            "dev": true
        },
        "node_modules/class-transformer": {
            "version": "0.5.1",
            "resolved": "https://registry.npmjs.org/class-transformer/-/class-transformer-0.5.1.tgz",
            "integrity": "sha512-SQa1Ws6hUbfC98vKGxZH3KFY0Y1lm5Zm0SY8XX9zbK7FJCyVEac3ATW0RIpwzW+oOfmHE5PMPufDG9hCfoEOMw=="
        },
        "node_modules/class-validator": {
            "version": "0.13.2",
            "resolved": "https://registry.npmjs.org/class-validator/-/class-validator-0.13.2.tgz",
            "integrity": "sha512-yBUcQy07FPlGzUjoLuUfIOXzgynnQPPruyK1Ge2B74k9ROwnle1E+NxLWnUv5OLU8hA/qL5leAE9XnXq3byaBw==",
            "dependencies": {
                "libphonenumber-js": "^1.9.43",
                "validator": "^13.7.0"
            }
        },
        "node_modules/immer": {
            "version": "9.0.7",
            "resolved": "https://registry.npmjs.org/immer/-/immer-9.0.7.tgz",
            "integrity": "sha512-KGllzpbamZDvOIxnmJ0jI840g7Oikx58lBPWV0hUh7dtAyZpFqqrBZdKka5GlTwMTZ1Tjc/bKKW4VSFAt6BqMA==",
            "funding": {
                "type": "opencollective",
                "url": "https://opencollective.com/immer"
            }
        },
        "node_modules/libphonenumber-js": {
            "version": "1.9.44",
            "resolved": "https://registry.npmjs.org/libphonenumber-js/-/libphonenumber-js-1.9.44.tgz",
            "integrity": "sha512-zhw8nUMJuQf7jG1dZfEOKKOS6M3QYIv3HnvB/vGohNd0QfxIQcObH3a6Y6s350H+9xgBeOXClOJkS0hJ0yvS3g=="
        },
        "node_modules/lodash-es": {
            "version": "4.17.21",
            "resolved": "https://registry.npmjs.org/lodash-es/-/lodash-es-4.17.21.tgz",
            "integrity": "sha512-mKnC+QJ9pWVzv+C4/U3rRsHapFfHvQFoFB92e52xeyGMcX6/OlIl78je1u8vePzYZSkkogMPJ2yjxxsb89cxyw=="
        },
        "node_modules/typescript": {
            "version": "4.1.6",
            "resolved": "https://registry.npmjs.org/typescript/-/typescript-4.1.6.tgz",
            "integrity": "sha512-pxnwLxeb/Z5SP80JDRzVjh58KsM6jZHRAOtTpS7sXLS4ogXNKC9ANxHHZqLLeVHZN35jCtI4JdmLLbLiC1kBow==",
            "bin": {
                "tsc": "bin/tsc",
                "tsserver": "bin/tsserver"
            },
            "engines": {
                "node": ">=4.2.0"
            }
        },
        "node_modules/uuid": {
            "version": "8.3.2",
            "resolved": "https://registry.npmjs.org/uuid/-/uuid-8.3.2.tgz",
            "integrity": "sha512-+NYs2QeMWy+GWFOEm9xnn6HCDp0l7QBD7ml8zLUmJ+93Q5NF0NocErnwkTkXVFNiX3/fpC6afS8Dhb/gz7R7eg==",
            "bin": {
                "uuid": "dist/bin/uuid"
            }
        },
        "node_modules/validator": {
            "version": "13.7.0",
            "resolved": "https://registry.npmjs.org/validator/-/validator-13.7.0.tgz",
            "integrity": "sha512-nYXQLCBkpJ8X6ltALua9dRrZDHVYxjJ1wgskNt1lH9fzGjs3tgojGSCBjmEPwkWS1y29+DrizMTW19Pr9uB2nw==",
            "engines": {
                "node": ">= 0.10"
            }
        }
    },
    "dependencies": {
        "@types/uuid": {
            "version": "8.3.3",
            "resolved": "https://registry.npmjs.org/@types/uuid/-/uuid-8.3.3.tgz",
            "integrity": "sha512-0LbEEx1zxrYB3pgpd1M5lEhLcXjKJnYghvhTRgaBeUivLHMDM1TzF3IJ6hXU2+8uA4Xz+5BA63mtZo5DjVT8iA==",
            "dev": true
        },
        "@types/validator": {
            "version": "13.7.0",
            "resolved": "https://registry.npmjs.org/@types/validator/-/validator-13.7.0.tgz",
            "integrity": "sha512-+jBxVvXVuggZOrm04NR8z+5+bgoW4VZyLzUO+hmPPW1mVFL/HaitLAkizfv4yg9TbG8lkfHWVMQ11yDqrVVCzA==",
            "dev": true
        },
        "class-transformer": {
            "version": "0.5.1",
            "resolved": "https://registry.npmjs.org/class-transformer/-/class-transformer-0.5.1.tgz",
            "integrity": "sha512-SQa1Ws6hUbfC98vKGxZH3KFY0Y1lm5Zm0SY8XX9zbK7FJCyVEac3ATW0RIpwzW+oOfmHE5PMPufDG9hCfoEOMw=="
        },
        "class-validator": {
            "version": "0.13.2",
            "resolved": "https://registry.npmjs.org/class-validator/-/class-validator-0.13.2.tgz",
            "integrity": "sha512-yBUcQy07FPlGzUjoLuUfIOXzgynnQPPruyK1Ge2B74k9ROwnle1E+NxLWnUv5OLU8hA/qL5leAE9XnXq3byaBw==",
            "requires": {
                "libphonenumber-js": "^1.9.43",
                "validator": "^13.7.0"
            }
        },
        "immer": {
            "version": "9.0.7",
            "resolved": "https://registry.npmjs.org/immer/-/immer-9.0.7.tgz",
            "integrity": "sha512-KGllzpbamZDvOIxnmJ0jI840g7Oikx58lBPWV0hUh7dtAyZpFqqrBZdKka5GlTwMTZ1Tjc/bKKW4VSFAt6BqMA=="
        },
        "libphonenumber-js": {
            "version": "1.9.44",
            "resolved": "https://registry.npmjs.org/libphonenumber-js/-/libphonenumber-js-1.9.44.tgz",
            "integrity": "sha512-zhw8nUMJuQf7jG1dZfEOKKOS6M3QYIv3HnvB/vGohNd0QfxIQcObH3a6Y6s350H+9xgBeOXClOJkS0hJ0yvS3g=="
        },
        "lodash-es": {
            "version": "4.17.21",
            "resolved": "https://registry.npmjs.org/lodash-es/-/lodash-es-4.17.21.tgz",
            "integrity": "sha512-mKnC+QJ9pWVzv+C4/U3rRsHapFfHvQFoFB92e52xeyGMcX6/OlIl78je1u8vePzYZSkkogMPJ2yjxxsb89cxyw=="
        },
        "typescript": {
            "version": "4.1.6",
            "resolved": "https://registry.npmjs.org/typescript/-/typescript-4.1.6.tgz",
            "integrity": "sha512-pxnwLxeb/Z5SP80JDRzVjh58KsM6jZHRAOtTpS7sXLS4ogXNKC9ANxHHZqLLeVHZN35jCtI4JdmLLbLiC1kBow=="
        },
        "uuid": {
            "version": "8.3.2",
            "resolved": "https://registry.npmjs.org/uuid/-/uuid-8.3.2.tgz",
            "integrity": "sha512-+NYs2QeMWy+GWFOEm9xnn6HCDp0l7QBD7ml8zLUmJ+93Q5NF0NocErnwkTkXVFNiX3/fpC6afS8Dhb/gz7R7eg=="
        },
        "validator": {
            "version": "13.7.0",
            "resolved": "https://registry.npmjs.org/validator/-/validator-13.7.0.tgz",
            "integrity": "sha512-nYXQLCBkpJ8X6ltALua9dRrZDHVYxjJ1wgskNt1lH9fzGjs3tgojGSCBjmEPwkWS1y29+DrizMTW19Pr9uB2nw=="
        }
    }
}
