{
    "name": "digital-fuesim-manv-shared",
    "version": "0.0.0",
    "lockfileVersion": 2,
    "requires": true,
    "packages": {
        "": {
            "name": "digital-fuesim-manv-shared",
            "version": "0.0.0",
            "dependencies": {
                "@ngrx/store": "^13.0.2",
                "lodash-es": "^4.17.21",
                "ngrx-immer": "^2.0.0",
                "rxjs": "~7.4.0",
                "typescript": "~4.1.5",
                "uuid": "^8.3.2"
            },
            "devDependencies": {
                "@types/uuid": "^8.3.3",
                "prettier": "^2.2.1"
            },
            "engines": {
                "node": ">=12",
                "npm": ">=7"
            }
        },
        "node_modules/@angular/core": {
            "version": "13.1.0",
            "resolved": "https://registry.npmjs.org/@angular/core/-/core-13.1.0.tgz",
            "integrity": "sha512-eW+8dqGUqVbuzmFdyjhwizzH1FF9Mey5tvRZqzDSG1nTzlMgzQfrF/R0NEuqJdxUyjDFXiO4NyhUivFQ65CsdA==",
            "peer": true,
            "dependencies": {
                "tslib": "^2.3.0"
            },
            "engines": {
                "node": "^12.20.0 || ^14.15.0 || >=16.10.0"
            },
            "peerDependencies": {
                "rxjs": "^6.5.3 || ^7.4.0",
                "zone.js": "~0.11.4"
            }
        },
        "node_modules/@ngrx/store": {
            "version": "13.0.2",
            "resolved": "https://registry.npmjs.org/@ngrx/store/-/store-13.0.2.tgz",
            "integrity": "sha512-F7tsc3oCvKh+62MKiXTrvSeaxR41u4p8bch3BLjz12F37376rMuBnXf+V1thsPTZ6RB6aycAi821EQYVXFCXZg==",
            "dependencies": {
                "tslib": "^2.0.0"
            },
            "peerDependencies": {
                "@angular/core": "^13.0.0",
                "rxjs": "^6.5.3 || ^7.4.0"
            }
        },
        "node_modules/@types/uuid": {
            "version": "8.3.3",
            "resolved": "https://registry.npmjs.org/@types/uuid/-/uuid-8.3.3.tgz",
            "integrity": "sha512-0LbEEx1zxrYB3pgpd1M5lEhLcXjKJnYghvhTRgaBeUivLHMDM1TzF3IJ6hXU2+8uA4Xz+5BA63mtZo5DjVT8iA==",
            "dev": true
        },
        "node_modules/immer": {
            "version": "9.0.7",
            "resolved": "https://registry.npmjs.org/immer/-/immer-9.0.7.tgz",
            "integrity": "sha512-KGllzpbamZDvOIxnmJ0jI840g7Oikx58lBPWV0hUh7dtAyZpFqqrBZdKka5GlTwMTZ1Tjc/bKKW4VSFAt6BqMA==",
            "peer": true,
            "funding": {
                "type": "opencollective",
                "url": "https://opencollective.com/immer"
            }
        },
        "node_modules/lodash-es": {
            "version": "4.17.21",
            "resolved": "https://registry.npmjs.org/lodash-es/-/lodash-es-4.17.21.tgz",
            "integrity": "sha512-mKnC+QJ9pWVzv+C4/U3rRsHapFfHvQFoFB92e52xeyGMcX6/OlIl78je1u8vePzYZSkkogMPJ2yjxxsb89cxyw=="
        },
        "node_modules/ngrx-immer": {
            "version": "2.0.0",
            "resolved": "https://registry.npmjs.org/ngrx-immer/-/ngrx-immer-2.0.0.tgz",
            "integrity": "sha512-AtChCXDyJgpyN5TJP1Ijg6ThKuo1f9PWA8KeThDVwHaPADmNrY+P5aWmoAmarIbq8/VC8k3LFG9J0qYy3R4NqQ==",
            "dependencies": {
                "tslib": "^2.3.0"
            },
            "peerDependencies": {
                "@ngrx/component-store": ">=13.0.0",
                "@ngrx/store": ">=13.0.0",
                "immer": ">=7.0.0"
            },
            "peerDependenciesMeta": {
                "@ngrx/component-store": {
                    "optional": true
                },
                "@ngrx/store": {
                    "optional": true
                }
            }
        },
        "node_modules/prettier": {
            "version": "2.5.1",
            "resolved": "https://registry.npmjs.org/prettier/-/prettier-2.5.1.tgz",
            "integrity": "sha512-vBZcPRUR5MZJwoyi3ZoyQlc1rXeEck8KgeC9AwwOn+exuxLxq5toTRDTSaVrXHxelDMHy9zlicw8u66yxoSUFg==",
            "dev": true,
            "bin": {
                "prettier": "bin-prettier.js"
            },
            "engines": {
                "node": ">=10.13.0"
            }
        },
        "node_modules/rxjs": {
            "version": "7.4.0",
            "resolved": "https://registry.npmjs.org/rxjs/-/rxjs-7.4.0.tgz",
            "integrity": "sha512-7SQDi7xeTMCJpqViXh8gL/lebcwlp3d831F05+9B44A4B0WfsEwUQHR64gsH1kvJ+Ep/J9K2+n1hVl1CsGN23w==",
            "dependencies": {
                "tslib": "~2.1.0"
            }
        },
        "node_modules/rxjs/node_modules/tslib": {
            "version": "2.1.0",
            "resolved": "https://registry.npmjs.org/tslib/-/tslib-2.1.0.tgz",
            "integrity": "sha512-hcVC3wYEziELGGmEEXue7D75zbwIIVUMWAVbHItGPx0ziyXxrOMQx4rQEVEV45Ut/1IotuEvwqPopzIOkDMf0A=="
        },
        "node_modules/tslib": {
            "version": "2.3.1",
            "resolved": "https://registry.npmjs.org/tslib/-/tslib-2.3.1.tgz",
            "integrity": "sha512-77EbyPPpMz+FRFRuAFlWMtmgUWGe9UOG2Z25NqCwiIjRhOf5iKGuzSe5P2w1laq+FkRy4p+PCuVkJSGkzTEKVw=="
        },
        "node_modules/typescript": {
            "version": "4.1.6",
            "resolved": "https://registry.npmjs.org/typescript/-/typescript-4.1.6.tgz",
            "integrity": "sha512-pxnwLxeb/Z5SP80JDRzVjh58KsM6jZHRAOtTpS7sXLS4ogXNKC9ANxHHZqLLeVHZN35jCtI4JdmLLbLiC1kBow==",
            "bin": {
                "tsc": "bin/tsc",
                "tsserver": "bin/tsserver"
            },
            "engines": {
                "node": ">=4.2.0"
            }
        },
        "node_modules/uuid": {
            "version": "8.3.2",
            "resolved": "https://registry.npmjs.org/uuid/-/uuid-8.3.2.tgz",
            "integrity": "sha512-+NYs2QeMWy+GWFOEm9xnn6HCDp0l7QBD7ml8zLUmJ+93Q5NF0NocErnwkTkXVFNiX3/fpC6afS8Dhb/gz7R7eg==",
            "bin": {
                "uuid": "dist/bin/uuid"
            }
        },
        "node_modules/zone.js": {
            "version": "0.11.4",
            "resolved": "https://registry.npmjs.org/zone.js/-/zone.js-0.11.4.tgz",
            "integrity": "sha512-DDh2Ab+A/B+9mJyajPjHFPWfYU1H+pdun4wnnk0OcQTNjem1XQSZ2CDW+rfZEUDjv5M19SBqAkjZi0x5wuB5Qw==",
            "peer": true,
            "dependencies": {
                "tslib": "^2.0.0"
            }
        }
    },
    "dependencies": {
        "@angular/core": {
            "version": "13.1.0",
            "resolved": "https://registry.npmjs.org/@angular/core/-/core-13.1.0.tgz",
            "integrity": "sha512-eW+8dqGUqVbuzmFdyjhwizzH1FF9Mey5tvRZqzDSG1nTzlMgzQfrF/R0NEuqJdxUyjDFXiO4NyhUivFQ65CsdA==",
            "peer": true,
            "requires": {
                "tslib": "^2.3.0"
            }
        },
        "@ngrx/store": {
            "version": "13.0.2",
            "resolved": "https://registry.npmjs.org/@ngrx/store/-/store-13.0.2.tgz",
            "integrity": "sha512-F7tsc3oCvKh+62MKiXTrvSeaxR41u4p8bch3BLjz12F37376rMuBnXf+V1thsPTZ6RB6aycAi821EQYVXFCXZg==",
            "requires": {
                "tslib": "^2.0.0"
            }
        },
        "@types/uuid": {
            "version": "8.3.3",
            "resolved": "https://registry.npmjs.org/@types/uuid/-/uuid-8.3.3.tgz",
            "integrity": "sha512-0LbEEx1zxrYB3pgpd1M5lEhLcXjKJnYghvhTRgaBeUivLHMDM1TzF3IJ6hXU2+8uA4Xz+5BA63mtZo5DjVT8iA==",
            "dev": true
        },
        "immer": {
            "version": "9.0.7",
            "resolved": "https://registry.npmjs.org/immer/-/immer-9.0.7.tgz",
            "integrity": "sha512-KGllzpbamZDvOIxnmJ0jI840g7Oikx58lBPWV0hUh7dtAyZpFqqrBZdKka5GlTwMTZ1Tjc/bKKW4VSFAt6BqMA==",
            "peer": true
        },
        "lodash-es": {
            "version": "4.17.21",
            "resolved": "https://registry.npmjs.org/lodash-es/-/lodash-es-4.17.21.tgz",
            "integrity": "sha512-mKnC+QJ9pWVzv+C4/U3rRsHapFfHvQFoFB92e52xeyGMcX6/OlIl78je1u8vePzYZSkkogMPJ2yjxxsb89cxyw=="
        },
        "ngrx-immer": {
            "version": "2.0.0",
            "resolved": "https://registry.npmjs.org/ngrx-immer/-/ngrx-immer-2.0.0.tgz",
            "integrity": "sha512-AtChCXDyJgpyN5TJP1Ijg6ThKuo1f9PWA8KeThDVwHaPADmNrY+P5aWmoAmarIbq8/VC8k3LFG9J0qYy3R4NqQ==",
            "requires": {
                "tslib": "^2.3.0"
            }
        },
        "prettier": {
            "version": "2.5.1",
            "resolved": "https://registry.npmjs.org/prettier/-/prettier-2.5.1.tgz",
            "integrity": "sha512-vBZcPRUR5MZJwoyi3ZoyQlc1rXeEck8KgeC9AwwOn+exuxLxq5toTRDTSaVrXHxelDMHy9zlicw8u66yxoSUFg==",
            "dev": true
        },
        "rxjs": {
            "version": "7.4.0",
            "resolved": "https://registry.npmjs.org/rxjs/-/rxjs-7.4.0.tgz",
            "integrity": "sha512-7SQDi7xeTMCJpqViXh8gL/lebcwlp3d831F05+9B44A4B0WfsEwUQHR64gsH1kvJ+Ep/J9K2+n1hVl1CsGN23w==",
            "requires": {
                "tslib": "~2.1.0"
            },
            "dependencies": {
                "tslib": {
                    "version": "2.1.0",
                    "resolved": "https://registry.npmjs.org/tslib/-/tslib-2.1.0.tgz",
                    "integrity": "sha512-hcVC3wYEziELGGmEEXue7D75zbwIIVUMWAVbHItGPx0ziyXxrOMQx4rQEVEV45Ut/1IotuEvwqPopzIOkDMf0A=="
                }
            }
        },
        "tslib": {
            "version": "2.3.1",
            "resolved": "https://registry.npmjs.org/tslib/-/tslib-2.3.1.tgz",
            "integrity": "sha512-77EbyPPpMz+FRFRuAFlWMtmgUWGe9UOG2Z25NqCwiIjRhOf5iKGuzSe5P2w1laq+FkRy4p+PCuVkJSGkzTEKVw=="
        },
        "typescript": {
            "version": "4.1.6",
            "resolved": "https://registry.npmjs.org/typescript/-/typescript-4.1.6.tgz",
            "integrity": "sha512-pxnwLxeb/Z5SP80JDRzVjh58KsM6jZHRAOtTpS7sXLS4ogXNKC9ANxHHZqLLeVHZN35jCtI4JdmLLbLiC1kBow=="
        },
        "uuid": {
            "version": "8.3.2",
            "resolved": "https://registry.npmjs.org/uuid/-/uuid-8.3.2.tgz",
            "integrity": "sha512-+NYs2QeMWy+GWFOEm9xnn6HCDp0l7QBD7ml8zLUmJ+93Q5NF0NocErnwkTkXVFNiX3/fpC6afS8Dhb/gz7R7eg=="
        },
        "zone.js": {
            "version": "0.11.4",
            "resolved": "https://registry.npmjs.org/zone.js/-/zone.js-0.11.4.tgz",
            "integrity": "sha512-DDh2Ab+A/B+9mJyajPjHFPWfYU1H+pdun4wnnk0OcQTNjem1XQSZ2CDW+rfZEUDjv5M19SBqAkjZi0x5wuB5Qw==",
            "peer": true,
            "requires": {
                "tslib": "^2.0.0"
            }
        }
    }
}
